
Microsoft Visual Studio Solution File, Format Version 12.00
Project("{2150E333-8FDC-42A3-9474-1A3956D46DE8}") = "src", "src", "{C773E7BF-1FD4-4676-84B6-E06A366DFF40}"
EndProject
Project("{2150E333-8FDC-42A3-9474-1A3956D46DE8}") = "test", "test", "{9853C299-C069-4F2F-8839-E9C40A957A20}"
EndProject
Project("{2150E333-8FDC-42A3-9474-1A3956D46DE8}") = "modules", "modules", "{806FB087-26D4-46C3-80E0-9B882FCF28A0}"
EndProject
Project("{2150E333-8FDC-42A3-9474-1A3956D46DE8}") = "user", "user", "{0C3DAE0A-4F5A-430C-BA41-CEE3CF7CBAA1}"
EndProject
Project("{FAE04EC0-301F-11D3-BF4B-00C04F79EFBC}") = "BookStore", "BookStore\BookStore.csproj", "{73F5AEEE-C877-454A-96D4-A950FE9FD38F}"
EndProject
Project("{FAE04EC0-301F-11D3-BF4B-00C04F79EFBC}") = "SharedKernel", "SharedKernel\SharedKernel.csproj", "{1C8A2471-51E0-4FDF-A62F-9A213C4FD8D6}"
EndProject
Project("{2150E333-8FDC-42A3-9474-1A3956D46DE8}") = "book", "book", "{EC7C5D70-540C-4DB8-8DAB-E43F640E65E5}"
EndProject
Project("{FAE04EC0-301F-11D3-BF4B-00C04F79EFBC}") = "BookStore.Book.Api", "BookStore.Book.Api\BookStore.Book.Api.csproj", "{34E92B49-D6DE-4042-9482-56201E9C9607}"
EndProject
Project("{FAE04EC0-301F-11D3-BF4B-00C04F79EFBC}") = "BookStore.Book.Application", "BookStore.Book.Application\BookStore.Book.Application.csproj", "{75368D99-4141-4242-A5C1-4E03EBBBCAC0}"
EndProject
Project("{FAE04EC0-301F-11D3-BF4B-00C04F79EFBC}") = "BookStore.Book.Domain", "BookStore.Book.Domain\BookStore.Book.Domain.csproj", "{FEABA3B8-E171-4632-8B27-3B1FE58AB378}"
EndProject
Project("{FAE04EC0-301F-11D3-BF4B-00C04F79EFBC}") = "BookStore.Book.Infrastructure", "BookStore.Book.Infrastructure\BookStore.Book.Infrastructure.csproj", "{26C358AE-64E7-4620-B31F-66C0229FD852}"
EndProject
Project("{FAE04EC0-301F-11D3-BF4B-00C04F79EFBC}") = "BookStore.User.Api", "BookStore.User.Api\BookStore.User.Api.csproj", "{83C8D98E-901A-4D6C-9482-DD1EBE6DCE79}"
EndProject
Project("{FAE04EC0-301F-11D3-BF4B-00C04F79EFBC}") = "BookStore.User.Application", "BookStore.User.Application\BookStore.User.Application.csproj", "{A3570F45-5FEE-4582-A15C-BB739A7ED2ED}"
EndProject
Project("{FAE04EC0-301F-11D3-BF4B-00C04F79EFBC}") = "BookStore.User.Domain", "BookStore.User.Domain\BookStore.User.Domain.csproj", "{92005BAC-4B42-4BE8-98BE-F3034489AA57}"
EndProject
Project("{FAE04EC0-301F-11D3-BF4B-00C04F79EFBC}") = "BookStore.User.Infrastructure", "BookStore.User.Infrastructure\BookStore.User.Infrastructure.csproj", "{B6A2F067-25B8-4C49-95AA-368A5F5C631E}"
EndProject
Global
	GlobalSection(SolutionConfigurationPlatforms) = preSolution
		Debug|Any CPU = Debug|Any CPU
		Release|Any CPU = Release|Any CPU
	EndGlobalSection
	GlobalSection(ProjectConfigurationPlatforms) = postSolution
		{73F5AEEE-C877-454A-96D4-A950FE9FD38F}.Debug|Any CPU.ActiveCfg = Debug|Any CPU
		{73F5AEEE-C877-454A-96D4-A950FE9FD38F}.Debug|Any CPU.Build.0 = Debug|Any CPU
		{73F5AEEE-C877-454A-96D4-A950FE9FD38F}.Release|Any CPU.ActiveCfg = Release|Any CPU
		{73F5AEEE-C877-454A-96D4-A950FE9FD38F}.Release|Any CPU.Build.0 = Release|Any CPU
		{1C8A2471-51E0-4FDF-A62F-9A213C4FD8D6}.Debug|Any CPU.ActiveCfg = Debug|Any CPU
		{1C8A2471-51E0-4FDF-A62F-9A213C4FD8D6}.Debug|Any CPU.Build.0 = Debug|Any CPU
		{1C8A2471-51E0-4FDF-A62F-9A213C4FD8D6}.Release|Any CPU.ActiveCfg = Release|Any CPU
		{1C8A2471-51E0-4FDF-A62F-9A213C4FD8D6}.Release|Any CPU.Build.0 = Release|Any CPU
		{34E92B49-D6DE-4042-9482-56201E9C9607}.Debug|Any CPU.ActiveCfg = Debug|Any CPU
		{34E92B49-D6DE-4042-9482-56201E9C9607}.Debug|Any CPU.Build.0 = Debug|Any CPU
		{34E92B49-D6DE-4042-9482-56201E9C9607}.Release|Any CPU.ActiveCfg = Release|Any CPU
		{34E92B49-D6DE-4042-9482-56201E9C9607}.Release|Any CPU.Build.0 = Release|Any CPU
		{75368D99-4141-4242-A5C1-4E03EBBBCAC0}.Debug|Any CPU.ActiveCfg = Debug|Any CPU
		{75368D99-4141-4242-A5C1-4E03EBBBCAC0}.Debug|Any CPU.Build.0 = Debug|Any CPU
		{75368D99-4141-4242-A5C1-4E03EBBBCAC0}.Release|Any CPU.ActiveCfg = Release|Any CPU
		{75368D99-4141-4242-A5C1-4E03EBBBCAC0}.Release|Any CPU.Build.0 = Release|Any CPU
		{FEABA3B8-E171-4632-8B27-3B1FE58AB378}.Debug|Any CPU.ActiveCfg = Debug|Any CPU
		{FEABA3B8-E171-4632-8B27-3B1FE58AB378}.Debug|Any CPU.Build.0 = Debug|Any CPU
		{FEABA3B8-E171-4632-8B27-3B1FE58AB378}.Release|Any CPU.ActiveCfg = Release|Any CPU
		{FEABA3B8-E171-4632-8B27-3B1FE58AB378}.Release|Any CPU.Build.0 = Release|Any CPU
		{26C358AE-64E7-4620-B31F-66C0229FD852}.Debug|Any CPU.ActiveCfg = Debug|Any CPU
		{26C358AE-64E7-4620-B31F-66C0229FD852}.Debug|Any CPU.Build.0 = Debug|Any CPU
		{26C358AE-64E7-4620-B31F-66C0229FD852}.Release|Any CPU.ActiveCfg = Release|Any CPU
		{26C358AE-64E7-4620-B31F-66C0229FD852}.Release|Any CPU.Build.0 = Release|Any CPU
		{83C8D98E-901A-4D6C-9482-DD1EBE6DCE79}.Debug|Any CPU.ActiveCfg = Debug|Any CPU
		{83C8D98E-901A-4D6C-9482-DD1EBE6DCE79}.Debug|Any CPU.Build.0 = Debug|Any CPU
		{83C8D98E-901A-4D6C-9482-DD1EBE6DCE79}.Release|Any CPU.ActiveCfg = Release|Any CPU
		{83C8D98E-901A-4D6C-9482-DD1EBE6DCE79}.Release|Any CPU.Build.0 = Release|Any CPU
		{A3570F45-5FEE-4582-A15C-BB739A7ED2ED}.Debug|Any CPU.ActiveCfg = Debug|Any CPU
		{A3570F45-5FEE-4582-A15C-BB739A7ED2ED}.Debug|Any CPU.Build.0 = Debug|Any CPU
		{A3570F45-5FEE-4582-A15C-BB739A7ED2ED}.Release|Any CPU.ActiveCfg = Release|Any CPU
		{A3570F45-5FEE-4582-A15C-BB739A7ED2ED}.Release|Any CPU.Build.0 = Release|Any CPU
		{92005BAC-4B42-4BE8-98BE-F3034489AA57}.Debug|Any CPU.ActiveCfg = Debug|Any CPU
		{92005BAC-4B42-4BE8-98BE-F3034489AA57}.Debug|Any CPU.Build.0 = Debug|Any CPU
		{92005BAC-4B42-4BE8-98BE-F3034489AA57}.Release|Any CPU.ActiveCfg = Release|Any CPU
		{92005BAC-4B42-4BE8-98BE-F3034489AA57}.Release|Any CPU.Build.0 = Release|Any CPU
		{B6A2F067-25B8-4C49-95AA-368A5F5C631E}.Debug|Any CPU.ActiveCfg = Debug|Any CPU
		{B6A2F067-25B8-4C49-95AA-368A5F5C631E}.Debug|Any CPU.Build.0 = Debug|Any CPU
		{B6A2F067-25B8-4C49-95AA-368A5F5C631E}.Release|Any CPU.ActiveCfg = Release|Any CPU
		{B6A2F067-25B8-4C49-95AA-368A5F5C631E}.Release|Any CPU.Build.0 = Release|Any CPU
	EndGlobalSection
	GlobalSection(NestedProjects) = preSolution
		{806FB087-26D4-46C3-80E0-9B882FCF28A0} = {C773E7BF-1FD4-4676-84B6-E06A366DFF40}
		{0C3DAE0A-4F5A-430C-BA41-CEE3CF7CBAA1} = {806FB087-26D4-46C3-80E0-9B882FCF28A0}
		{73F5AEEE-C877-454A-96D4-A950FE9FD38F} = {C773E7BF-1FD4-4676-84B6-E06A366DFF40}
		{1C8A2471-51E0-4FDF-A62F-9A213C4FD8D6} = {C773E7BF-1FD4-4676-84B6-E06A366DFF40}
		{EC7C5D70-540C-4DB8-8DAB-E43F640E65E5} = {806FB087-26D4-46C3-80E0-9B882FCF28A0}
		{34E92B49-D6DE-4042-9482-56201E9C9607} = {EC7C5D70-540C-4DB8-8DAB-E43F640E65E5}
		{75368D99-4141-4242-A5C1-4E03EBBBCAC0} = {EC7C5D70-540C-4DB8-8DAB-E43F640E65E5}
		{FEABA3B8-E171-4632-8B27-3B1FE58AB378} = {EC7C5D70-540C-4DB8-8DAB-E43F640E65E5}
		{26C358AE-64E7-4620-B31F-66C0229FD852} = {EC7C5D70-540C-4DB8-8DAB-E43F640E65E5}
		{83C8D98E-901A-4D6C-9482-DD1EBE6DCE79} = {0C3DAE0A-4F5A-430C-BA41-CEE3CF7CBAA1}
		{A3570F45-5FEE-4582-A15C-BB739A7ED2ED} = {0C3DAE0A-4F5A-430C-BA41-CEE3CF7CBAA1}
		{92005BAC-4B42-4BE8-98BE-F3034489AA57} = {0C3DAE0A-4F5A-430C-BA41-CEE3CF7CBAA1}
		{B6A2F067-25B8-4C49-95AA-368A5F5C631E} = {0C3DAE0A-4F5A-430C-BA41-CEE3CF7CBAA1}
	EndGlobalSection
EndGlobal
