
Microsoft Visual Studio Solution File, Format Version 12.00
Project("{2150E333-8FDC-42A3-9474-1A3956D46DE8}") = "src", "src", "{C773E7BF-1FD4-4676-84B6-E06A366DFF40}"
EndProject
Project("{2150E333-8FDC-42A3-9474-1A3956D46DE8}") = "test", "test", "{9853C299-C069-4F2F-8839-E9C40A957A20}"
EndProject
Project("{2150E333-8FDC-42A3-9474-1A3956D46DE8}") = "modules", "modules", "{806FB087-26D4-46C3-80E0-9B882FCF28A0}"
EndProject
Project("{2150E333-8FDC-42A3-9474-1A3956D46DE8}") = "user", "user", "{0C3DAE0A-4F5A-430C-BA41-CEE3CF7CBAA1}"
EndProject
Project("{FAE04EC0-301F-11D3-BF4B-00C04F79EFBC}") = "User.Domain", "User.Domain\User.Domain.csproj", "{4887A8B2-8567-4B89-B598-28CE3B3C8859}"
EndProject
Project("{FAE04EC0-301F-11D3-BF4B-00C04F79EFBC}") = "User.Application", "User.Application\User.Application.csproj", "{25CACB29-6B8F-41F3-BAA0-B5842DB1F03F}"
EndProject
Project("{FAE04EC0-301F-11D3-BF4B-00C04F79EFBC}") = "User.Api", "User.Api\User.Api.csproj", "{86856291-A906-48DF-8437-DB8ABE2867BC}"
EndProject
Project("{FAE04EC0-301F-11D3-BF4B-00C04F79EFBC}") = "User.Infrastructure", "User.Infrastructure\User.Infrastructure.csproj", "{6C56A402-5EA9-42E8-AC9C-3A4EA7302D05}"
EndProject
Project("{FAE04EC0-301F-11D3-BF4B-00C04F79EFBC}") = "BookStore", "BookStore\BookStore.csproj", "{73F5AEEE-C877-454A-96D4-A950FE9FD38F}"
EndProject
Project("{FAE04EC0-301F-11D3-BF4B-00C04F79EFBC}") = "SharedKernel", "SharedKernel\SharedKernel.csproj", "{1C8A2471-51E0-4FDF-A62F-9A213C4FD8D6}"
EndProject
Global
	GlobalSection(SolutionConfigurationPlatforms) = preSolution
		Debug|Any CPU = Debug|Any CPU
		Release|Any CPU = Release|Any CPU
	EndGlobalSection
	GlobalSection(ProjectConfigurationPlatforms) = postSolution
		{4887A8B2-8567-4B89-B598-28CE3B3C8859}.Debug|Any CPU.ActiveCfg = Debug|Any CPU
		{4887A8B2-8567-4B89-B598-28CE3B3C8859}.Debug|Any CPU.Build.0 = Debug|Any CPU
		{4887A8B2-8567-4B89-B598-28CE3B3C8859}.Release|Any CPU.ActiveCfg = Release|Any CPU
		{4887A8B2-8567-4B89-B598-28CE3B3C8859}.Release|Any CPU.Build.0 = Release|Any CPU
		{25CACB29-6B8F-41F3-BAA0-B5842DB1F03F}.Debug|Any CPU.ActiveCfg = Debug|Any CPU
		{25CACB29-6B8F-41F3-BAA0-B5842DB1F03F}.Debug|Any CPU.Build.0 = Debug|Any CPU
		{25CACB29-6B8F-41F3-BAA0-B5842DB1F03F}.Release|Any CPU.ActiveCfg = Release|Any CPU
		{25CACB29-6B8F-41F3-BAA0-B5842DB1F03F}.Release|Any CPU.Build.0 = Release|Any CPU
		{86856291-A906-48DF-8437-DB8ABE2867BC}.Debug|Any CPU.ActiveCfg = Debug|Any CPU
		{86856291-A906-48DF-8437-DB8ABE2867BC}.Debug|Any CPU.Build.0 = Debug|Any CPU
		{86856291-A906-48DF-8437-DB8ABE2867BC}.Release|Any CPU.ActiveCfg = Release|Any CPU
		{86856291-A906-48DF-8437-DB8ABE2867BC}.Release|Any CPU.Build.0 = Release|Any CPU
		{6C56A402-5EA9-42E8-AC9C-3A4EA7302D05}.Debug|Any CPU.ActiveCfg = Debug|Any CPU
		{6C56A402-5EA9-42E8-AC9C-3A4EA7302D05}.Debug|Any CPU.Build.0 = Debug|Any CPU
		{6C56A402-5EA9-42E8-AC9C-3A4EA7302D05}.Release|Any CPU.ActiveCfg = Release|Any CPU
		{6C56A402-5EA9-42E8-AC9C-3A4EA7302D05}.Release|Any CPU.Build.0 = Release|Any CPU
		{73F5AEEE-C877-454A-96D4-A950FE9FD38F}.Debug|Any CPU.ActiveCfg = Debug|Any CPU
		{73F5AEEE-C877-454A-96D4-A950FE9FD38F}.Debug|Any CPU.Build.0 = Debug|Any CPU
		{73F5AEEE-C877-454A-96D4-A950FE9FD38F}.Release|Any CPU.ActiveCfg = Release|Any CPU
		{73F5AEEE-C877-454A-96D4-A950FE9FD38F}.Release|Any CPU.Build.0 = Release|Any CPU
		{1C8A2471-51E0-4FDF-A62F-9A213C4FD8D6}.Debug|Any CPU.ActiveCfg = Debug|Any CPU
		{1C8A2471-51E0-4FDF-A62F-9A213C4FD8D6}.Debug|Any CPU.Build.0 = Debug|Any CPU
		{1C8A2471-51E0-4FDF-A62F-9A213C4FD8D6}.Release|Any CPU.ActiveCfg = Release|Any CPU
		{1C8A2471-51E0-4FDF-A62F-9A213C4FD8D6}.Release|Any CPU.Build.0 = Release|Any CPU
	EndGlobalSection
	GlobalSection(NestedProjects) = preSolution
		{806FB087-26D4-46C3-80E0-9B882FCF28A0} = {C773E7BF-1FD4-4676-84B6-E06A366DFF40}
		{0C3DAE0A-4F5A-430C-BA41-CEE3CF7CBAA1} = {806FB087-26D4-46C3-80E0-9B882FCF28A0}
		{4887A8B2-8567-4B89-B598-28CE3B3C8859} = {0C3DAE0A-4F5A-430C-BA41-CEE3CF7CBAA1}
		{25CACB29-6B8F-41F3-BAA0-B5842DB1F03F} = {0C3DAE0A-4F5A-430C-BA41-CEE3CF7CBAA1}
		{86856291-A906-48DF-8437-DB8ABE2867BC} = {0C3DAE0A-4F5A-430C-BA41-CEE3CF7CBAA1}
		{6C56A402-5EA9-42E8-AC9C-3A4EA7302D05} = {0C3DAE0A-4F5A-430C-BA41-CEE3CF7CBAA1}
		{73F5AEEE-C877-454A-96D4-A950FE9FD38F} = {C773E7BF-1FD4-4676-84B6-E06A366DFF40}
		{1C8A2471-51E0-4FDF-A62F-9A213C4FD8D6} = {C773E7BF-1FD4-4676-84B6-E06A366DFF40}
	EndGlobalSection
EndGlobal
